
Microsoft Visual Studio Solution File, Format Version 12.00
# Visual Studio Version 17
VisualStudioVersion = 17.8.34408.163
MinimumVisualStudioVersion = 10.0.40219.1
Project("{FAE04EC0-301F-11D3-BF4B-00C04F79EFBC}") = "AdminUserEcommerce", "AdminUserEcommerce.csproj", "{12196585-CEBA-4D0C-871B-5B30D449FCA8}"
EndProject
Global
	GlobalSection(SolutionConfigurationPlatforms) = preSolution
		Debug|Any CPU = Debug|Any CPU
		Release|Any CPU = Release|Any CPU
	EndGlobalSection
	GlobalSection(ProjectConfigurationPlatforms) = postSolution
		{12196585-CEBA-4D0C-871B-5B30D449FCA8}.Debug|Any CPU.ActiveCfg = Debug|Any CPU
		{12196585-CEBA-4D0C-871B-5B30D449FCA8}.Debug|Any CPU.Build.0 = Debug|Any CPU
		{12196585-CEBA-4D0C-871B-5B30D449FCA8}.Release|Any CPU.ActiveCfg = Release|Any CPU
		{12196585-CEBA-4D0C-871B-5B30D449FCA8}.Release|Any CPU.Build.0 = Release|Any CPU
	EndGlobalSection
	GlobalSection(SolutionProperties) = preSolution
		HideSolutionNode = FALSE
	EndGlobalSection
	GlobalSection(ExtensibilityGlobals) = postSolution
		SolutionGuid = {38DC7E31-44C3-4778-98DA-B5DD24F3421A}
	EndGlobalSection
EndGlobal
